{
  "name": "websites-monitor",
  "version": "1.0.0",
  "lockfileVersion": 1,
  "requires": true,
  "dependencies": {
    "@tillhub/tableify": {
      "version": "1.1.1",
      "resolved": "https://registry.npmjs.org/@tillhub/tableify/-/tableify-1.1.1.tgz",
      "integrity": "sha512-RPqzG9eP0eeGLYBABK6YKzr+s/0YmPDRjiio75CVQzCbjXcSmcZtT8t345DLYVpqmFPdyMin94BDd1a1ZGEDGw=="
    },
    "async-csv": {
      "version": "2.1.3",
      "resolved": "https://registry.npmjs.org/async-csv/-/async-csv-2.1.3.tgz",
      "integrity": "sha512-mpsCN+D7mzZeqrlDw7UTPhvDQDlx1i819E9fbKIt8drkgED5FSOlBv3Rk/+sXdevnO2wwlRkVOQ4kdT0AyqPqQ==",
      "requires": {
        "csv": "^5.1.3"
      }
    },
    "axios": {
      "version": "0.21.1",
      "resolved": "https://registry.npmjs.org/axios/-/axios-0.21.1.tgz",
      "integrity": "sha512-dKQiRHxGD9PPRIUNIWvZhPTPpl1rf/OxTYKsqKUDjBwYylTvV7SjSHJb9ratfyzM6wCdLCOYLzs73qpg5c4iGA==",
      "requires": {
        "follow-redirects": "^1.10.0"
      }
    },
    "console-table-printer": {
      "version": "2.7.5",
      "resolved": "https://registry.npmjs.org/console-table-printer/-/console-table-printer-2.7.5.tgz",
      "integrity": "sha512-A2ag/iOJXFJs9ep1fhlMbufsToHQ+Ph4m7pZ4DeDZNDU0nbCX97uOa0sPoLmRM6f4GxXQVEsFGD+wrXT8xwSnw==",
      "requires": {
        "simple-wcswidth": "^1.0.0"
      }
    },
    "csv": {
      "version": "5.3.2",
      "resolved": "https://registry.npmjs.org/csv/-/csv-5.3.2.tgz",
      "integrity": "sha512-odDyucr9OgJTdGM2wrMbJXbOkJx3nnUX3Pt8SFOwlAMOpsUQlz1dywvLMXJWX/4Ib0rjfOsaawuuwfI5ucqBGQ==",
      "requires": {
        "csv-generate": "^3.2.4",
        "csv-parse": "^4.8.8",
        "csv-stringify": "^5.3.6",
        "stream-transform": "^2.0.1"
      }
    },
    "csv-generate": {
      "version": "3.3.0",
      "resolved": "https://registry.npmjs.org/csv-generate/-/csv-generate-3.3.0.tgz",
      "integrity": "sha512-EXSru4QwEWKwM7wwsJbhrZC+mHEJrhQFoXlohHs80CAU8Qhlv9gaw1sjzNiC3Hr3oUx5skDmEiAlz+tnKWV0RA=="
    },
    "csv-parse": {
      "version": "4.15.0",
      "resolved": "https://registry.npmjs.org/csv-parse/-/csv-parse-4.15.0.tgz",
      "integrity": "sha512-y2wGeU/ybvUlyw6F+eanM6lxxE4JthCuHuaoTgPXdw6ImmfYXqtP0nrCLqd6Ew/a0FgPEz36y5HznI0W5oJ+cg=="
    },
    "csv-stringify": {
      "version": "5.6.1",
      "resolved": "https://registry.npmjs.org/csv-stringify/-/csv-stringify-5.6.1.tgz",
      "integrity": "sha512-JlQlNZMiuRGSFbLXFNGoBtsORXlkqf4Dfq8Ee0Jo4RVJj3YAUzevagUx24mDrQJLDF7aYz6Ne8kqA8WWBaYt2A=="
    },
    "dotenv": {
      "version": "8.2.0",
      "resolved": "https://registry.npmjs.org/dotenv/-/dotenv-8.2.0.tgz",
      "integrity": "sha512-8sJ78ElpbDJBHNeBzUbUVLsqKdccaa/BXF1uPTw3GrvQTBgrQrtObr2mUrE38vzYd8cEv+m/JBfDLioYcfXoaw=="
    },
    "follow-redirects": {
      "version": "1.13.2",
      "resolved": "https://registry.npmjs.org/follow-redirects/-/follow-redirects-1.13.2.tgz",
      "integrity": "sha512-6mPTgLxYm3r6Bkkg0vNM0HTjfGrOEtsfbhagQvbxDEsEkpNhw582upBaoRZylzen6krEmxXJgt9Ju6HiI4O7BA=="
    },
    "just-safe-get": {
      "version": "2.0.0",
      "resolved": "https://registry.npmjs.org/just-safe-get/-/just-safe-get-2.0.0.tgz",
      "integrity": "sha512-OBUeNXA7efFIGh0hSLW4nxrOtFWfmjoc3T8B5oixm3b+D7SZN10VKwORUEk4oDeBaR/sqkDMxXb0gE0DRYreEA=="
    },
    "mixme": {
      "version": "0.4.0",
      "resolved": "https://registry.npmjs.org/mixme/-/mixme-0.4.0.tgz",
      "integrity": "sha512-B4Sm1CDC5+ov5AYxSkyeT5HLtiDgNOLKwFlq34wr8E2O3zRdTvQiLzo599Jt9cir6VJrSenOlgvdooVYCQJIYw=="
    },
    "nodemailer": {
      "version": "6.4.18",
      "resolved": "https://registry.npmjs.org/nodemailer/-/nodemailer-6.4.18.tgz",
      "integrity": "sha512-ht9cXxQ+lTC+t00vkSIpKHIyM4aXIsQ1tcbQCn5IOnxYHi81W2XOaU66EQBFFpbtzLEBTC94gmkbD4mGZQzVpA=="
    },
    "objects-to-csv": {
      "version": "1.3.6",
      "resolved": "https://registry.npmjs.org/objects-to-csv/-/objects-to-csv-1.3.6.tgz",
      "integrity": "sha512-383eSpS3hmgCksW85KIqBtcbgSW5DDVsCmzLoM6C3q4yzOX2rmtWxF4pbLJ76fz+ufA+4/SwAT4QdaY6IUWmAg==",
      "requires": {
        "async-csv": "^2.1.3"
      }
    },
    "simple-wcswidth": {
      "version": "1.0.1",
      "resolved": "https://registry.npmjs.org/simple-wcswidth/-/simple-wcswidth-1.0.1.tgz",
      "integrity": "sha512-xMO/8eNREtaROt7tJvWJqHBDTMFN4eiQ5I4JRMuilwfnFcV5W9u7RUkueNkdw0jPqGMX36iCywelS5yilTuOxg=="
    },
    "stream-transform": {
      "version": "2.0.4",
      "resolved": "https://registry.npmjs.org/stream-transform/-/stream-transform-2.0.4.tgz",
      "integrity": "sha512-LQXH1pUksoef5Ijo6+2ihnjLLZtZuoqu1vhut6a7xZ77nrLA/shbbx2FAzVC/nkb6wwrPzOO98700mv4HDQcWg==",
      "requires": {
        "mixme": "^0.4.0"
      }
    }
  }
}
